
Microsoft Visual Studio Solution File, Format Version 12.00
# Visual Studio Version 16
VisualStudioVersion = 16.0.30002.166
MinimumVisualStudioVersion = 10.0.40219.1
Project("{FAE04EC0-301F-11D3-BF4B-00C04F79EFBC}") = "studentlist", "studentlist\studentlist.csproj", "{CB1E9B3C-C06D-450D-8453-BB7780AA0BDD}"
EndProject
Global
	GlobalSection(SolutionConfigurationPlatforms) = preSolution
		Debug|Any CPU = Debug|Any CPU
		Release|Any CPU = Release|Any CPU
	EndGlobalSection
	GlobalSection(ProjectConfigurationPlatforms) = postSolution
		{CB1E9B3C-C06D-450D-8453-BB7780AA0BDD}.Debug|Any CPU.ActiveCfg = Debug|Any CPU
		{CB1E9B3C-C06D-450D-8453-BB7780AA0BDD}.Debug|Any CPU.Build.0 = Debug|Any CPU
		{CB1E9B3C-C06D-450D-8453-BB7780AA0BDD}.Release|Any CPU.ActiveCfg = Release|Any CPU
		{CB1E9B3C-C06D-450D-8453-BB7780AA0BDD}.Release|Any CPU.Build.0 = Release|Any CPU
	EndGlobalSection
	GlobalSection(SolutionProperties) = preSolution
		HideSolutionNode = FALSE
	EndGlobalSection
	GlobalSection(ExtensibilityGlobals) = postSolution
		SolutionGuid = {F4C0B2F1-F784-4BDF-B2F5-548F87E3FA7D}
	EndGlobalSection
EndGlobal
